// !$*UTF8*$!
{
	archiveVersion = 1;
	classes = {
	};
	objectVersion = 50;
	objects = {

/* Begin PBXBuildFile section */
		3E3569FBB27692D8CA39E24C /* Pods_RxSwiftLoginView.framework in Frameworks */ = {isa = PBXBuildFile; fileRef = 72AB245A73CC6C0B7824ABAE /* Pods_RxSwiftLoginView.framework */; };
		66C464302229AD390006963A /* AppDelegate.swift in Sources */ = {isa = PBXBuildFile; fileRef = 66C4642F2229AD390006963A /* AppDelegate.swift */; };
		66C464322229AD390006963A /* ViewController.swift in Sources */ = {isa = PBXBuildFile; fileRef = 66C464312229AD390006963A /* ViewController.swift */; };
		66C464352229AD390006963A /* Main.storyboard in Resources */ = {isa = PBXBuildFile; fileRef = 66C464332229AD390006963A /* Main.storyboard */; };
		66C464372229AD3B0006963A /* Assets.xcassets in Resources */ = {isa = PBXBuildFile; fileRef = 66C464362229AD3B0006963A /* Assets.xcassets */; };
		66C4643A2229AD3B0006963A /* LaunchScreen.storyboard in Resources */ = {isa = PBXBuildFile; fileRef = 66C464382229AD3B0006963A /* LaunchScreen.storyboard */; };
/* End PBXBuildFile section */

/* Begin PBXFileReference section */
		666335A26D11CCC2B3327498 /* Pods-RxSwiftLoginView.debug.xcconfig */ = {isa = PBXFileReference; includeInIndex = 1; lastKnownFileType = text.xcconfig; name = "Pods-RxSwiftLoginView.debug.xcconfig"; path = "Target Support Files/Pods-RxSwiftLoginView/Pods-RxSwiftLoginView.debug.xcconfig"; sourceTree = "<group>"; };
		66C4642C2229AD390006963A /* RxSwiftLoginView.app */ = {isa = PBXFileReference; explicitFileType = wrapper.application; includeInIndex = 0; path = RxSwiftLoginView.app; sourceTree = BUILT_PRODUCTS_DIR; };
		66C4642F2229AD390006963A /* AppDelegate.swift */ = {isa = PBXFileReference; lastKnownFileType = sourcecode.swift; path = AppDelegate.swift; sourceTree = "<group>"; };
		66C464312229AD390006963A /* ViewController.swift */ = {isa = PBXFileReference; lastKnownFileType = sourcecode.swift; path = ViewController.swift; sourceTree = "<group>"; };
		66C464342229AD390006963A /* Base */ = {isa = PBXFileReference; lastKnownFileType = file.storyboard; name = Base; path = Base.lproj/Main.storyboard; sourceTree = "<group>"; };
		66C464362229AD3B0006963A /* Assets.xcassets */ = {isa = PBXFileReference; lastKnownFileType = folder.assetcatalog; path = Assets.xcassets; sourceTree = "<group>"; };
		66C464392229AD3B0006963A /* Base */ = {isa = PBXFileReference; lastKnownFileType = file.storyboard; name = Base; path = Base.lproj/LaunchScreen.storyboard; sourceTree = "<group>"; };
		66C4643B2229AD3B0006963A /* Info.plist */ = {isa = PBXFileReference; lastKnownFileType = text.plist.xml; path = Info.plist; sourceTree = "<group>"; };
		72AB245A73CC6C0B7824ABAE /* Pods_RxSwiftLoginView.framework */ = {isa = PBXFileReference; explicitFileType = wrapper.framework; includeInIndex = 0; path = Pods_RxSwiftLoginView.framework; sourceTree = BUILT_PRODUCTS_DIR; };
		E0C5ABA54667FFD72FE90F84 /* Pods-RxSwiftLoginView.release.xcconfig */ = {isa = PBXFileReference; includeInIndex = 1; lastKnownFileType = text.xcconfig; name = "Pods-RxSwiftLoginView.release.xcconfig"; path = "Target Support Files/Pods-RxSwiftLoginView/Pods-RxSwiftLoginView.release.xcconfig"; sourceTree = "<group>"; };
/* End PBXFileReference section */

/* Begin PBXFrameworksBuildPhase section */
		66C464292229AD390006963A /* Frameworks */ = {
			isa = PBXFrameworksBuildPhase;
			buildActionMask = 2147483647;
			files = (
				3E3569FBB27692D8CA39E24C /* Pods_RxSwiftLoginView.framework in Frameworks */,
			);
			runOnlyForDeploymentPostprocessing = 0;
		};
/* End PBXFrameworksBuildPhase section */

/* Begin PBXGroup section */
		66C464232229AD390006963A = {
			isa = PBXGroup;
			children = (
				66C4642E2229AD390006963A /* RxSwiftLoginView */,
				66C4642D2229AD390006963A /* Products */,
				ABE86665A09E8658D24EB4A1 /* Pods */,
				6D4CF4CD13EF9B4354DA182F /* Frameworks */,
			);
			sourceTree = "<group>";
		};
		66C4642D2229AD390006963A /* Products */ = {
			isa = PBXGroup;
			children = (
				66C4642C2229AD390006963A /* RxSwiftLoginView.app */,
			);
			name = Products;
			sourceTree = "<group>";
		};
		66C4642E2229AD390006963A /* RxSwiftLoginView */ = {
			isa = PBXGroup;
			children = (
				66C4642F2229AD390006963A /* AppDelegate.swift */,
				66C464312229AD390006963A /* ViewController.swift */,
				66C464332229AD390006963A /* Main.storyboard */,
				66C464362229AD3B0006963A /* Assets.xcassets */,
				66C464382229AD3B0006963A /* LaunchScreen.storyboard */,
				66C4643B2229AD3B0006963A /* Info.plist */,
			);
			path = RxSwiftLoginView;
			sourceTree = "<group>";
		};
		6D4CF4CD13EF9B4354DA182F /* Frameworks */ = {
			isa = PBXGroup;
			children = (
				72AB245A73CC6C0B7824ABAE /* Pods_RxSwiftLoginView.framework */,
			);
			name = Frameworks;
			sourceTree = "<group>";
		};
		ABE86665A09E8658D24EB4A1 /* Pods */ = {
			isa = PBXGroup;
			children = (
				666335A26D11CCC2B3327498 /* Pods-RxSwiftLoginView.debug.xcconfig */,
				E0C5ABA54667FFD72FE90F84 /* Pods-RxSwiftLoginView.release.xcconfig */,
			);
			path = Pods;
			sourceTree = "<group>";
		};
/* End PBXGroup section */

/* Begin PBXNativeTarget section */
		66C4642B2229AD390006963A /* RxSwiftLoginView */ = {
			isa = PBXNativeTarget;
			buildConfigurationList = 66C4643E2229AD3B0006963A /* Build configuration list for PBXNativeTarget "RxSwiftLoginView" */;
			buildPhases = (
				8228EADF7DC90C945B102D41 /* [CP] Check Pods Manifest.lock */,
				66C464412229AE230006963A /* SwiftLint */,
				66C464282229AD390006963A /* Sources */,
				66C464292229AD390006963A /* Frameworks */,
				66C4642A2229AD390006963A /* Resources */,
				F291259D5ACD6B999C8CD987 /* [CP] Embed Pods Frameworks */,
			);
			buildRules = (
			);
			dependencies = (
			);
			name = RxSwiftLoginView;
			productName = RxSwiftLoginView;
			productReference = 66C4642C2229AD390006963A /* RxSwiftLoginView.app */;
			productType = "com.apple.product-type.application";
		};
/* End PBXNativeTarget section */

/* Begin PBXProject section */
		66C464242229AD390006963A /* Project object */ = {
			isa = PBXProject;
			attributes = {
				LastSwiftUpdateCheck = 1010;
				LastUpgradeCheck = 1010;
				ORGANIZATIONNAME = "Kazuki Ohara";
				TargetAttributes = {
					66C4642B2229AD390006963A = {
						CreatedOnToolsVersion = 10.1;
					};
				};
			};
			buildConfigurationList = 66C464272229AD390006963A /* Build configuration list for PBXProject "RxSwiftLoginView" */;
			compatibilityVersion = "Xcode 9.3";
			developmentRegion = en;
			hasScannedForEncodings = 0;
			knownRegions = (
				en,
				Base,
			);
			mainGroup = 66C464232229AD390006963A;
			productRefGroup = 66C4642D2229AD390006963A /* Products */;
			projectDirPath = "";
			projectRoot = "";
			targets = (
				66C4642B2229AD390006963A /* RxSwiftLoginView */,
			);
		};
/* End PBXProject section */

/* Begin PBXResourcesBuildPhase section */
		66C4642A2229AD390006963A /* Resources */ = {
			isa = PBXResourcesBuildPhase;
			buildActionMask = 2147483647;
			files = (
				66C4643A2229AD3B0006963A /* LaunchScreen.storyboard in Resources */,
				66C464372229AD3B0006963A /* Assets.xcassets in Resources */,
				66C464352229AD390006963A /* Main.storyboard in Resources */,
			);
			runOnlyForDeploymentPostprocessing = 0;
		};
/* End PBXResourcesBuildPhase section */

/* Begin PBXShellScriptBuildPhase section */
		66C464412229AE230006963A /* SwiftLint */ = {
			isa = PBXShellScriptBuildPhase;
			buildActionMask = 2147483647;
			files = (
			);
			inputFileListPaths = (
			);
			inputPaths = (
			);
			name = SwiftLint;
			outputFileListPaths = (
			);
			outputPaths = (
			);
			runOnlyForDeploymentPostprocessing = 0;
			shellPath = /bin/sh;
			shellScript = "\"${PODS_ROOT}/SwiftLint/swiftlint\"\n";
			showEnvVarsInLog = 0;
		};
		8228EADF7DC90C945B102D41 /* [CP] Check Pods Manifest.lock */ = {
			isa = PBXShellScriptBuildPhase;
			buildActionMask = 2147483647;
			files = (
			);
			inputFileListPaths = (
			);
			inputPaths = (
				"${PODS_PODFILE_DIR_PATH}/Podfile.lock",
				"${PODS_ROOT}/Manifest.lock",
			);
			name = "[CP] Check Pods Manifest.lock";
			outputFileListPaths = (
			);
			outputPaths = (
				"$(DERIVED_FILE_DIR)/Pods-RxSwiftLoginView-checkManifestLockResult.txt",
			);
			runOnlyForDeploymentPostprocessing = 0;
			shellPath = /bin/sh;
			shellScript = "diff \"${PODS_PODFILE_DIR_PATH}/Podfile.lock\" \"${PODS_ROOT}/Manifest.lock\" > /dev/null\nif [ $? != 0 ] ; then\n    # print error to STDERR\n    echo \"error: The sandbox is not in sync with the Podfile.lock. Run 'pod install' or update your CocoaPods installation.\" >&2\n    exit 1\nfi\n# This output is used by Xcode 'outputs' to avoid re-running this script phase.\necho \"SUCCESS\" > \"${SCRIPT_OUTPUT_FILE_0}\"\n";
			showEnvVarsInLog = 0;
		};
		F291259D5ACD6B999C8CD987 /* [CP] Embed Pods Frameworks */ = {
			isa = PBXShellScriptBuildPhase;
			buildActionMask = 2147483647;
			files = (
			);
			inputFileListPaths = (
			);
			inputPaths = (
				"${PODS_ROOT}/Target Support Files/Pods-RxSwiftLoginView/Pods-RxSwiftLoginView-frameworks.sh",
				"${BUILT_PRODUCTS_DIR}/RxAtomic/RxAtomic.framework",
				"${BUILT_PRODUCTS_DIR}/RxCocoa/RxCocoa.framework",
				"${BUILT_PRODUCTS_DIR}/RxSwift/RxSwift.framework",
			);
			name = "[CP] Embed Pods Frameworks";
			outputFileListPaths = (
			);
			outputPaths = (
				"${TARGET_BUILD_DIR}/${FRAMEWORKS_FOLDER_PATH}/RxAtomic.framework",
				"${TARGET_BUILD_DIR}/${FRAMEWORKS_FOLDER_PATH}/RxCocoa.framework",
				"${TARGET_BUILD_DIR}/${FRAMEWORKS_FOLDER_PATH}/RxSwift.framework",
			);
			runOnlyForDeploymentPostprocessing = 0;
			shellPath = /bin/sh;
			shellScript = "\"${PODS_ROOT}/Target Support Files/Pods-RxSwiftLoginView/Pods-RxSwiftLoginView-frameworks.sh\"\n";
			showEnvVarsInLog = 0;
		};
/* End PBXShellScriptBuildPhase section */

/* Begin PBXSourcesBuildPhase section */
		66C464282229AD390006963A /* Sources */ = {
			isa = PBXSourcesBuildPhase;
			buildActionMask = 2147483647;
			files = (
				66C464322229AD390006963A /* ViewController.swift in Sources */,
				66C464302229AD390006963A /* AppDelegate.swift in Sources */,
			);
			runOnlyForDeploymentPostprocessing = 0;
		};
/* End PBXSourcesBuildPhase section */

/* Begin PBXVariantGroup section */
		66C464332229AD390006963A /* Main.storyboard */ = {
			isa = PBXVariantGroup;
			children = (
				66C464342229AD390006963A /* Base */,
			);
			name = Main.storyboard;
			sourceTree = "<group>";
		};
		66C464382229AD3B0006963A /* LaunchScreen.storyboard */ = {
			isa = PBXVariantGroup;
			children = (
				66C464392229AD3B0006963A /* Base */,
			);
			name = LaunchScreen.storyboard;
			sourceTree = "<group>";
		};
/* End PBXVariantGroup section */

/* Begin XCBuildConfiguration section */
		66C4643C2229AD3B0006963A /* Debug */ = {
			isa = XCBuildConfiguration;
			buildSettings = {
				ALWAYS_SEARCH_USER_PATHS = NO;
				CLANG_ANALYZER_NONNULL = YES;
				CLANG_ANALYZER_NUMBER_OBJECT_CONVERSION = YES_AGGRESSIVE;
				CLANG_CXX_LANGUAGE_STANDARD = "gnu++14";
				CLANG_CXX_LIBRARY = "libc++";
				CLANG_ENABLE_MODULES = YES;
				CLANG_ENABLE_OBJC_ARC = YES;
				CLANG_ENABLE_OBJC_WEAK = YES;
				CLANG_WARN_BLOCK_CAPTURE_AUTORELEASING = YES;
				CLANG_WARN_BOOL_CONVERSION = YES;
				CLANG_WARN_COMMA = YES;
				CLANG_WARN_CONSTANT_CONVERSION = YES;
				CLANG_WARN_DEPRECATED_OBJC_IMPLEMENTATIONS = YES;
				CLANG_WARN_DIRECT_OBJC_ISA_USAGE = YES_ERROR;
				CLANG_WARN_DOCUMENTATION_COMMENTS = YES;
				CLANG_WARN_EMPTY_BODY = YES;
				CLANG_WARN_ENUM_CONVERSION = YES;
				CLANG_WARN_INFINITE_RECURSION = YES;
				CLANG_WARN_INT_CONVERSION = YES;
				CLANG_WARN_NON_LITERAL_NULL_CONVERSION = YES;
				CLANG_WARN_OBJC_IMPLICIT_RETAIN_SELF = YES;
				CLANG_WARN_OBJC_LITERAL_CONVERSION = YES;
				CLANG_WARN_OBJC_ROOT_CLASS = YES_ERROR;
				CLANG_WARN_RANGE_LOOP_ANALYSIS = YES;
				CLANG_WARN_STRICT_PROTOTYPES = YES;
				CLANG_WARN_SUSPICIOUS_MOVE = YES;
				CLANG_WARN_UNGUARDED_AVAILABILITY = YES_AGGRESSIVE;
				CLANG_WARN_UNREACHABLE_CODE = YES;
				CLANG_WARN__DUPLICATE_METHOD_MATCH = YES;
				CODE_SIGN_IDENTITY = "iPhone Developer";
				COPY_PHASE_STRIP = NO;
				DEBUG_INFORMATION_FORMAT = dwarf;
				ENABLE_STRICT_OBJC_MSGSEND = YES;
				ENABLE_TESTABILITY = YES;
				GCC_C_LANGUAGE_STANDARD = gnu11;
				GCC_DYNAMIC_NO_PIC = NO;
				GCC_NO_COMMON_BLOCKS = YES;
				GCC_OPTIMIZATION_LEVEL = 0;
				GCC_PREPROCESSOR_DEFINITIONS = (
					"DEBUG=1",
					"$(inherited)",
				);
				GCC_WARN_64_TO_32_BIT_CONVERSION = YES;
				GCC_WARN_ABOUT_RETURN_TYPE = YES_ERROR;
				GCC_WARN_UNDECLARED_SELECTOR = YES;
				GCC_WARN_UNINITIALIZED_AUTOS = YES_AGGRESSIVE;
				GCC_WARN_UNUSED_FUNCTION = YES;
				GCC_WARN_UNUSED_VARIABLE = YES;
				IPHONEOS_DEPLOYMENT_TARGET = 12.1;
				MTL_ENABLE_DEBUG_INFO = INCLUDE_SOURCE;
				MTL_FAST_MATH = YES;
				ONLY_ACTIVE_ARCH = YES;
				SDKROOT = iphoneos;
				SWIFT_ACTIVE_COMPILATION_CONDITIONS = DEBUG;
				SWIFT_OPTIMIZATION_LEVEL = "-Onone";
			};
			name = Debug;
		};
		66C4643D2229AD3B0006963A /* Release */ = {
			isa = XCBuildConfiguration;
			buildSettings = {
				ALWAYS_SEARCH_USER_PATHS = NO;
				CLANG_ANALYZER_NONNULL = YES;
				CLANG_ANALYZER_NUMBER_OBJECT_CONVERSION = YES_AGGRESSIVE;
				CLANG_CXX_LANGUAGE_STANDARD = "gnu++14";
				CLANG_CXX_LIBRARY = "libc++";
				CLANG_ENABLE_MODULES = YES;
				CLANG_ENABLE_OBJC_ARC = YES;
				CLANG_ENABLE_OBJC_WEAK = YES;
				CLANG_WARN_BLOCK_CAPTURE_AUTORELEASING = YES;
				CLANG_WARN_BOOL_CONVERSION = YES;
				CLANG_WARN_COMMA = YES;
				CLANG_WARN_CONSTANT_CONVERSION = YES;
				CLANG_WARN_DEPRECATED_OBJC_IMPLEMENTATIONS = YES;
				CLANG_WARN_DIRECT_OBJC_ISA_USAGE = YES_ERROR;
				CLANG_WARN_DOCUMENTATION_COMMENTS = YES;
				CLANG_WARN_EMPTY_BODY = YES;
				CLANG_WARN_ENUM_CONVERSION = YES;
				CLANG_WARN_INFINITE_RECURSION = YES;
				CLANG_WARN_INT_CONVERSION = YES;
				CLANG_WARN_NON_LITERAL_NULL_CONVERSION = YES;
				CLANG_WARN_OBJC_IMPLICIT_RETAIN_SELF = YES;
				CLANG_WARN_OBJC_LITERAL_CONVERSION = YES;
				CLANG_WARN_OBJC_ROOT_CLASS = YES_ERROR;
				CLANG_WARN_RANGE_LOOP_ANALYSIS = YES;
				CLANG_WARN_STRICT_PROTOTYPES = YES;
				CLANG_WARN_SUSPICIOUS_MOVE = YES;
				CLANG_WARN_UNGUARDED_AVAILABILITY = YES_AGGRESSIVE;
				CLANG_WARN_UNREACHABLE_CODE = YES;
				CLANG_WARN__DUPLICATE_METHOD_MATCH = YES;
				CODE_SIGN_IDENTITY = "iPhone Developer";
				COPY_PHASE_STRIP = NO;
				DEBUG_INFORMATION_FORMAT = "dwarf-with-dsym";
				ENABLE_NS_ASSERTIONS = NO;
				ENABLE_STRICT_OBJC_MSGSEND = YES;
				GCC_C_LANGUAGE_STANDARD = gnu11;
				GCC_NO_COMMON_BLOCKS = YES;
				GCC_WARN_64_TO_32_BIT_CONVERSION = YES;
				GCC_WARN_ABOUT_RETURN_TYPE = YES_ERROR;
				GCC_WARN_UNDECLARED_SELECTOR = YES;
				GCC_WARN_UNINITIALIZED_AUTOS = YES_AGGRESSIVE;
				GCC_WARN_UNUSED_FUNCTION = YES;
				GCC_WARN_UNUSED_VARIABLE = YES;
				IPHONEOS_DEPLOYMENT_TARGET = 12.1;
				MTL_ENABLE_DEBUG_INFO = NO;
				MTL_FAST_MATH = YES;
				SDKROOT = iphoneos;
				SWIFT_COMPILATION_MODE = wholemodule;
				SWIFT_OPTIMIZATION_LEVEL = "-O";
				VALIDATE_PRODUCT = YES;
			};
			name = Release;
		};
		66C4643F2229AD3B0006963A /* Debug */ = {
			isa = XCBuildConfiguration;
			baseConfigurationReference = 666335A26D11CCC2B3327498 /* Pods-RxSwiftLoginView.debug.xcconfig */;
			buildSettings = {
				ASSETCATALOG_COMPILER_APPICON_NAME = AppIcon;
				CODE_SIGN_STYLE = Automatic;
				DEVELOPMENT_TEAM = 8T6MHKM77M;
				INFOPLIST_FILE = RxSwiftLoginView/Info.plist;
				LD_RUNPATH_SEARCH_PATHS = (
					"$(inherited)",
					"@executable_path/Frameworks",
				);
				PRODUCT_BUNDLE_IDENTIFIER = com.gmail.ohara.kazuki.RxSwiftLoginView;
				PRODUCT_NAME = "$(TARGET_NAME)";
				SWIFT_VERSION = 4.2;
				TARGETED_DEVICE_FAMILY = "1,2";
			};
			name = Debug;
		};
		66C464402229AD3B0006963A /* Release */ = {
			isa = XCBuildConfiguration;
			baseConfigurationReference = E0C5ABA54667FFD72FE90F84 /* Pods-RxSwiftLoginView.release.xcconfig */;
			buildSettings = {
				ASSETCATALOG_COMPILER_APPICON_NAME = AppIcon;
				CODE_SIGN_STYLE = Automatic;
				DEVELOPMENT_TEAM = 8T6MHKM77M;
				INFOPLIST_FILE = RxSwiftLoginView/Info.plist;
				LD_RUNPATH_SEARCH_PATHS = (
					"$(inherited)",
					"@executable_path/Frameworks",
				);
				PRODUCT_BUNDLE_IDENTIFIER = com.gmail.ohara.kazuki.RxSwiftLoginView;
				PRODUCT_NAME = "$(TARGET_NAME)";
				SWIFT_VERSION = 4.2;
				TARGETED_DEVICE_FAMILY = "1,2";
			};
			name = Release;
		};
/* End XCBuildConfiguration section */

/* Begin XCConfigurationList section */
		66C464272229AD390006963A /* Build configuration list for PBXProject "RxSwiftLoginView" */ = {
			isa = XCConfigurationList;
			buildConfigurations = (
				66C4643C2229AD3B0006963A /* Debug */,
				66C4643D2229AD3B0006963A /* Release */,
			);
			defaultConfigurationIsVisible = 0;
			defaultConfigurationName = Release;
		};
		66C4643E2229AD3B0006963A /* Build configuration list for PBXNativeTarget "RxSwiftLoginView" */ = {
			isa = XCConfigurationList;
			buildConfigurations = (
				66C4643F2229AD3B0006963A /* Debug */,
				66C464402229AD3B0006963A /* Release */,
			);
			defaultConfigurationIsVisible = 0;
			defaultConfigurationName = Release;
		};
/* End XCConfigurationList section */
	};
	rootObject = 66C464242229AD390006963A /* Project object */;
}
