PODS:
  - RxAtomic (4.4.1)
  - RxSwift (4.4.1):
    - RxAtomic (~> 4.4)
  - SwiftLint (0.30.1)

DEPENDENCIES:
  - RxSwift
  - SwiftLint

SPEC REPOS:
  https://github.com/cocoapods/specs.git:
    - RxAtomic
    - RxSwift
    - SwiftLint

SPEC CHECKSUMS:
  RxAtomic: f8d6adc1ccb87a767811269e4875887bc74dbf19
  RxSwift: 92fcf68dfef21f3e2ab1965363d9e7b3d787597e
  SwiftLint: a54bf1fe12b55c68560eb2a7689dfc81458508f7

PODFILE CHECKSUM: 14d96345df43cf19ce2e94ac5d3f3e4d72d3225c

COCOAPODS: 1.6.1
